
Microsoft Visual Studio Solution File, Format Version 12.00
# Visual Studio 15
VisualStudioVersion = 15.0.26730.15
MinimumVisualStudioVersion = 10.0.40219.1
Project("{FAE04EC0-301F-11D3-BF4B-00C04F79EFBC}") = "WebServerOOP", "WebServerOOP\WebServerOOP.csproj", "{F0BB857F-579A-42A0-B03F-B0E3AE19A54B}"
EndProject
Project("{FAE04EC0-301F-11D3-BF4B-00C04F79EFBC}") = "WebServerOOP.Tests", "WebServerOOP.Tests\WebServerOOP.Tests.csproj", "{1AF03C47-84D9-4AFC-BD69-C391A9732E61}"
EndProject
Global
	GlobalSection(SolutionConfigurationPlatforms) = preSolution
		Debug|Any CPU = Debug|Any CPU
		Release|Any CPU = Release|Any CPU
	EndGlobalSection
	GlobalSection(ProjectConfigurationPlatforms) = postSolution
		{F0BB857F-579A-42A0-B03F-B0E3AE19A54B}.Debug|Any CPU.ActiveCfg = Debug|Any CPU
		{F0BB857F-579A-42A0-B03F-B0E3AE19A54B}.Debug|Any CPU.Build.0 = Debug|Any CPU
		{F0BB857F-579A-42A0-B03F-B0E3AE19A54B}.Release|Any CPU.ActiveCfg = Release|Any CPU
		{F0BB857F-579A-42A0-B03F-B0E3AE19A54B}.Release|Any CPU.Build.0 = Release|Any CPU
		{1AF03C47-84D9-4AFC-BD69-C391A9732E61}.Debug|Any CPU.ActiveCfg = Debug|Any CPU
		{1AF03C47-84D9-4AFC-BD69-C391A9732E61}.Debug|Any CPU.Build.0 = Debug|Any CPU
		{1AF03C47-84D9-4AFC-BD69-C391A9732E61}.Release|Any CPU.ActiveCfg = Release|Any CPU
		{1AF03C47-84D9-4AFC-BD69-C391A9732E61}.Release|Any CPU.Build.0 = Release|Any CPU
	EndGlobalSection
	GlobalSection(SolutionProperties) = preSolution
		HideSolutionNode = FALSE
	EndGlobalSection
	GlobalSection(ExtensibilityGlobals) = postSolution
		SolutionGuid = {1ECBFC29-D88C-4414-ACB4-B1C547A6F6FF}
	EndGlobalSection
EndGlobal
